
Microsoft Visual Studio Solution File, Format Version 12.00
# Visual Studio Version 17
VisualStudioVersion = 17.9.34728.123
MinimumVisualStudioVersion = 10.0.40219.1
Project("{FAE04EC0-301F-11D3-BF4B-00C04F79EFBC}") = "ExportaDados", "ExportaDados\ExportaDados.csproj", "{29A02BB9-5A83-42D6-BBA6-7AB4B505C3C5}"
EndProject
Global
	GlobalSection(SolutionConfigurationPlatforms) = preSolution
		Debug|Any CPU = Debug|Any CPU
		Release|Any CPU = Release|Any CPU
	EndGlobalSection
	GlobalSection(ProjectConfigurationPlatforms) = postSolution
		{29A02BB9-5A83-42D6-BBA6-7AB4B505C3C5}.Debug|Any CPU.ActiveCfg = Debug|Any CPU
		{29A02BB9-5A83-42D6-BBA6-7AB4B505C3C5}.Debug|Any CPU.Build.0 = Debug|Any CPU
		{29A02BB9-5A83-42D6-BBA6-7AB4B505C3C5}.Release|Any CPU.ActiveCfg = Release|Any CPU
		{29A02BB9-5A83-42D6-BBA6-7AB4B505C3C5}.Release|Any CPU.Build.0 = Release|Any CPU
	EndGlobalSection
	GlobalSection(SolutionProperties) = preSolution
		HideSolutionNode = FALSE
	EndGlobalSection
	GlobalSection(ExtensibilityGlobals) = postSolution
		SolutionGuid = {0A2F8BD3-E1E4-4039-9E76-7CB53B0EA596}
	EndGlobalSection
EndGlobal
